
Microsoft Visual Studio Solution File, Format Version 12.00
# Visual Studio 15
VisualStudioVersion = 15.0.27004.2005
MinimumVisualStudioVersion = 10.0.40219.1
Project("{D954291E-2A0B-460D-934E-DC6B0785DB48}") = "ContextActionsBug", "ContextActionsBug\ContextActionsBug\ContextActionsBug.shproj", "{C37E0129-CEDF-46C2-B282-FA3D9C7DBF50}"
EndProject
Project("{FAE04EC0-301F-11D3-BF4B-00C04F79EFBC}") = "ContextActionsBug.UWP", "ContextActionsBug\ContextActionsBug.UWP\ContextActionsBug.UWP.csproj", "{B34B350D-F4A9-4EA9-8292-C8B18D5F3F19}"
EndProject
Global
	GlobalSection(SharedMSBuildProjectFiles) = preSolution
		ContextActionsBug\ContextActionsBug\ContextActionsBug.projitems*{b34b350d-f4a9-4ea9-8292-c8b18d5f3f19}*SharedItemsImports = 4
		ContextActionsBug\ContextActionsBug\ContextActionsBug.projitems*{c37e0129-cedf-46c2-b282-fa3d9c7dbf50}*SharedItemsImports = 13
	EndGlobalSection
	GlobalSection(SolutionConfigurationPlatforms) = preSolution
		Ad-Hoc|Any CPU = Ad-Hoc|Any CPU
		Ad-Hoc|ARM = Ad-Hoc|ARM
		Ad-Hoc|iPhone = Ad-Hoc|iPhone
		Ad-Hoc|iPhoneSimulator = Ad-Hoc|iPhoneSimulator
		Ad-Hoc|x64 = Ad-Hoc|x64
		Ad-Hoc|x86 = Ad-Hoc|x86
		AppStore|Any CPU = AppStore|Any CPU
		AppStore|ARM = AppStore|ARM
		AppStore|iPhone = AppStore|iPhone
		AppStore|iPhoneSimulator = AppStore|iPhoneSimulator
		AppStore|x64 = AppStore|x64
		AppStore|x86 = AppStore|x86
		Debug|Any CPU = Debug|Any CPU
		Debug|ARM = Debug|ARM
		Debug|iPhone = Debug|iPhone
		Debug|iPhoneSimulator = Debug|iPhoneSimulator
		Debug|x64 = Debug|x64
		Debug|x86 = Debug|x86
		Release|Any CPU = Release|Any CPU
		Release|ARM = Release|ARM
		Release|iPhone = Release|iPhone
		Release|iPhoneSimulator = Release|iPhoneSimulator
		Release|x64 = Release|x64
		Release|x86 = Release|x86
	EndGlobalSection
	GlobalSection(ProjectConfigurationPlatforms) = postSolution
		{B34B350D-F4A9-4EA9-8292-C8B18D5F3F19}.Ad-Hoc|Any CPU.ActiveCfg = Release|x86
		{B34B350D-F4A9-4EA9-8292-C8B18D5F3F19}.Ad-Hoc|Any CPU.Build.0 = Release|x86
		{B34B350D-F4A9-4EA9-8292-C8B18D5F3F19}.Ad-Hoc|Any CPU.Deploy.0 = Release|x86
		{B34B350D-F4A9-4EA9-8292-C8B18D5F3F19}.Ad-Hoc|ARM.ActiveCfg = Release|ARM
		{B34B350D-F4A9-4EA9-8292-C8B18D5F3F19}.Ad-Hoc|ARM.Build.0 = Release|ARM
		{B34B350D-F4A9-4EA9-8292-C8B18D5F3F19}.Ad-Hoc|ARM.Deploy.0 = Release|ARM
		{B34B350D-F4A9-4EA9-8292-C8B18D5F3F19}.Ad-Hoc|iPhone.ActiveCfg = Release|x86
		{B34B350D-F4A9-4EA9-8292-C8B18D5F3F19}.Ad-Hoc|iPhone.Build.0 = Release|x86
		{B34B350D-F4A9-4EA9-8292-C8B18D5F3F19}.Ad-Hoc|iPhone.Deploy.0 = Release|x86
		{B34B350D-F4A9-4EA9-8292-C8B18D5F3F19}.Ad-Hoc|iPhoneSimulator.ActiveCfg = Release|x86
		{B34B350D-F4A9-4EA9-8292-C8B18D5F3F19}.Ad-Hoc|iPhoneSimulator.Build.0 = Release|x86
		{B34B350D-F4A9-4EA9-8292-C8B18D5F3F19}.Ad-Hoc|iPhoneSimulator.Deploy.0 = Release|x86
		{B34B350D-F4A9-4EA9-8292-C8B18D5F3F19}.Ad-Hoc|x64.ActiveCfg = Release|x64
		{B34B350D-F4A9-4EA9-8292-C8B18D5F3F19}.Ad-Hoc|x64.Build.0 = Release|x64
		{B34B350D-F4A9-4EA9-8292-C8B18D5F3F19}.Ad-Hoc|x64.Deploy.0 = Release|x64
		{B34B350D-F4A9-4EA9-8292-C8B18D5F3F19}.Ad-Hoc|x86.ActiveCfg = Release|x86
		{B34B350D-F4A9-4EA9-8292-C8B18D5F3F19}.Ad-Hoc|x86.Build.0 = Release|x86
		{B34B350D-F4A9-4EA9-8292-C8B18D5F3F19}.Ad-Hoc|x86.Deploy.0 = Release|x86
		{B34B350D-F4A9-4EA9-8292-C8B18D5F3F19}.AppStore|Any CPU.ActiveCfg = Release|x86
		{B34B350D-F4A9-4EA9-8292-C8B18D5F3F19}.AppStore|Any CPU.Build.0 = Release|x86
		{B34B350D-F4A9-4EA9-8292-C8B18D5F3F19}.AppStore|Any CPU.Deploy.0 = Release|x86
		{B34B350D-F4A9-4EA9-8292-C8B18D5F3F19}.AppStore|ARM.ActiveCfg = Release|ARM
		{B34B350D-F4A9-4EA9-8292-C8B18D5F3F19}.AppStore|ARM.Build.0 = Release|ARM
		{B34B350D-F4A9-4EA9-8292-C8B18D5F3F19}.AppStore|ARM.Deploy.0 = Release|ARM
		{B34B350D-F4A9-4EA9-8292-C8B18D5F3F19}.AppStore|iPhone.ActiveCfg = Release|x86
		{B34B350D-F4A9-4EA9-8292-C8B18D5F3F19}.AppStore|iPhone.Build.0 = Release|x86
		{B34B350D-F4A9-4EA9-8292-C8B18D5F3F19}.AppStore|iPhone.Deploy.0 = Release|x86
		{B34B350D-F4A9-4EA9-8292-C8B18D5F3F19}.AppStore|iPhoneSimulator.ActiveCfg = Release|x86
		{B34B350D-F4A9-4EA9-8292-C8B18D5F3F19}.AppStore|iPhoneSimulator.Build.0 = Release|x86
		{B34B350D-F4A9-4EA9-8292-C8B18D5F3F19}.AppStore|iPhoneSimulator.Deploy.0 = Release|x86
		{B34B350D-F4A9-4EA9-8292-C8B18D5F3F19}.AppStore|x64.ActiveCfg = Release|x64
		{B34B350D-F4A9-4EA9-8292-C8B18D5F3F19}.AppStore|x64.Build.0 = Release|x64
		{B34B350D-F4A9-4EA9-8292-C8B18D5F3F19}.AppStore|x64.Deploy.0 = Release|x64
		{B34B350D-F4A9-4EA9-8292-C8B18D5F3F19}.AppStore|x86.ActiveCfg = Release|x86
		{B34B350D-F4A9-4EA9-8292-C8B18D5F3F19}.AppStore|x86.Build.0 = Release|x86
		{B34B350D-F4A9-4EA9-8292-C8B18D5F3F19}.AppStore|x86.Deploy.0 = Release|x86
		{B34B350D-F4A9-4EA9-8292-C8B18D5F3F19}.Debug|Any CPU.ActiveCfg = Debug|x86
		{B34B350D-F4A9-4EA9-8292-C8B18D5F3F19}.Debug|Any CPU.Build.0 = Debug|x86
		{B34B350D-F4A9-4EA9-8292-C8B18D5F3F19}.Debug|Any CPU.Deploy.0 = Debug|x86
		{B34B350D-F4A9-4EA9-8292-C8B18D5F3F19}.Debug|ARM.ActiveCfg = Debug|ARM
		{B34B350D-F4A9-4EA9-8292-C8B18D5F3F19}.Debug|ARM.Build.0 = Debug|ARM
		{B34B350D-F4A9-4EA9-8292-C8B18D5F3F19}.Debug|ARM.Deploy.0 = Debug|ARM
		{B34B350D-F4A9-4EA9-8292-C8B18D5F3F19}.Debug|iPhone.ActiveCfg = Debug|x86
		{B34B350D-F4A9-4EA9-8292-C8B18D5F3F19}.Debug|iPhoneSimulator.ActiveCfg = Debug|x86
		{B34B350D-F4A9-4EA9-8292-C8B18D5F3F19}.Debug|x64.ActiveCfg = Debug|x64
		{B34B350D-F4A9-4EA9-8292-C8B18D5F3F19}.Debug|x64.Build.0 = Debug|x64
		{B34B350D-F4A9-4EA9-8292-C8B18D5F3F19}.Debug|x64.Deploy.0 = Debug|x64
		{B34B350D-F4A9-4EA9-8292-C8B18D5F3F19}.Debug|x86.ActiveCfg = Debug|x86
		{B34B350D-F4A9-4EA9-8292-C8B18D5F3F19}.Debug|x86.Build.0 = Debug|x86
		{B34B350D-F4A9-4EA9-8292-C8B18D5F3F19}.Debug|x86.Deploy.0 = Debug|x86
		{B34B350D-F4A9-4EA9-8292-C8B18D5F3F19}.Release|Any CPU.ActiveCfg = Release|x86
		{B34B350D-F4A9-4EA9-8292-C8B18D5F3F19}.Release|ARM.ActiveCfg = Release|ARM
		{B34B350D-F4A9-4EA9-8292-C8B18D5F3F19}.Release|ARM.Build.0 = Release|ARM
		{B34B350D-F4A9-4EA9-8292-C8B18D5F3F19}.Release|ARM.Deploy.0 = Release|ARM
		{B34B350D-F4A9-4EA9-8292-C8B18D5F3F19}.Release|iPhone.ActiveCfg = Release|x86
		{B34B350D-F4A9-4EA9-8292-C8B18D5F3F19}.Release|iPhoneSimulator.ActiveCfg = Release|x86
		{B34B350D-F4A9-4EA9-8292-C8B18D5F3F19}.Release|x64.ActiveCfg = Release|x64
		{B34B350D-F4A9-4EA9-8292-C8B18D5F3F19}.Release|x64.Build.0 = Release|x64
		{B34B350D-F4A9-4EA9-8292-C8B18D5F3F19}.Release|x64.Deploy.0 = Release|x64
		{B34B350D-F4A9-4EA9-8292-C8B18D5F3F19}.Release|x86.ActiveCfg = Release|x86
		{B34B350D-F4A9-4EA9-8292-C8B18D5F3F19}.Release|x86.Build.0 = Release|x86
		{B34B350D-F4A9-4EA9-8292-C8B18D5F3F19}.Release|x86.Deploy.0 = Release|x86
	EndGlobalSection
	GlobalSection(SolutionProperties) = preSolution
		HideSolutionNode = FALSE
	EndGlobalSection
	GlobalSection(ExtensibilityGlobals) = postSolution
		SolutionGuid = {EC9F9CE6-68B2-49C8-8B3C-F08D45B20AAC}
	EndGlobalSection
EndGlobal
